// !$*UTF8*$!
{
	archiveVersion = 1;
	classes = {
	};
	objectVersion = 46;
	objects = {

/* Begin PBXBuildFile section */
		11072C881C0BAA0100B2111F /* stations.plist in Resources */ = {isa = PBXBuildFile; fileRef = 11072C871C0BAA0100B2111F /* stations.plist */; };
		11072C8E1C0BBF1F00B2111F /* CosyLoadingActivity.swift in Sources */ = {isa = PBXBuildFile; fileRef = 11072C8D1C0BBF1F00B2111F /* CosyLoadingActivity.swift */; };
		111FBE9E1C02548B008DF499 /* AppDelegate.swift in Sources */ = {isa = PBXBuildFile; fileRef = 111FBE9D1C02548B008DF499 /* AppDelegate.swift */; };
		111FBEA51C02548B008DF499 /* Assets.xcassets in Resources */ = {isa = PBXBuildFile; fileRef = 111FBEA41C02548B008DF499 /* Assets.xcassets */; };
		111FBEA81C02548B008DF499 /* LaunchScreen.storyboard in Resources */ = {isa = PBXBuildFile; fileRef = 111FBEA61C02548B008DF499 /* LaunchScreen.storyboard */; };
		111FBEB31C0255F6008DF499 /* RadioPlayer.swift in Sources */ = {isa = PBXBuildFile; fileRef = 111FBEB11C0255F6008DF499 /* RadioPlayer.swift */; };
		111FBEB41C0255F6008DF499 /* ViewController.swift in Sources */ = {isa = PBXBuildFile; fileRef = 111FBEB21C0255F6008DF499 /* ViewController.swift */; };
		111FBEB61C02571A008DF499 /* Main.storyboard in Resources */ = {isa = PBXBuildFile; fileRef = 111FBEB51C02571A008DF499 /* Main.storyboard */; };
		111FBEC81C028A74008DF499 /* Radio.png in Resources */ = {isa = PBXBuildFile; fileRef = 111FBEC71C028A74008DF499 /* Radio.png */; };
		111FBECA1C028EC4008DF499 /* frequency.jpg in Resources */ = {isa = PBXBuildFile; fileRef = 111FBEC91C028EC4008DF499 /* frequency.jpg */; };
		1129378A1C0F3CA400442C2E /* EZAudioiOS.framework in Frameworks */ = {isa = PBXBuildFile; fileRef = 112937871C0F3C6600442C2E /* EZAudioiOS.framework */; };
		112AEB921C108C600049C8C6 /* viberadio.png in Resources */ = {isa = PBXBuildFile; fileRef = 112AEB911C108C600049C8C6 /* viberadio.png */; };
		1148F0281C0D9DD4001FD68D /* AppDelegate.m in Sources */ = {isa = PBXBuildFile; fileRef = 1148F0231C0D9DD4001FD68D /* AppDelegate.m */; };
		1148F0291C0D9DD4001FD68D /* EZAudioPassThroughExample-Info.plist in Resources */ = {isa = PBXBuildFile; fileRef = 1148F0241C0D9DD4001FD68D /* EZAudioPassThroughExample-Info.plist */; };
		1148F02A1C0D9DD4001FD68D /* PassThroughViewController.m in Sources */ = {isa = PBXBuildFile; fileRef = 1148F0271C0D9DD4001FD68D /* PassThroughViewController.m */; };
		1148F02D1C0DB5CC001FD68D /* EZAudioPlot.m in Sources */ = {isa = PBXBuildFile; fileRef = 1148F02C1C0DB5CC001FD68D /* EZAudioPlot.m */; };
		1148F0301C0DB658001FD68D /* EZPlot.m in Sources */ = {isa = PBXBuildFile; fileRef = 1148F02F1C0DB658001FD68D /* EZPlot.m */; };
		119D32001C11CB5A001124BB /* speaker.jpg in Resources */ = {isa = PBXBuildFile; fileRef = 119D31FF1C11CB5A001124BB /* speaker.jpg */; };
		119D32041C11D023001124BB /* newvibe.png in Resources */ = {isa = PBXBuildFile; fileRef = 119D32031C11D022001124BB /* newvibe.png */; };
		119D320B1C11D1A4001124BB /* new100chill.png in Resources */ = {isa = PBXBuildFile; fileRef = 119D32051C11D1A4001124BB /* new100chill.png */; };
		119D320C1C11D1A4001124BB /* newchillone.png in Resources */ = {isa = PBXBuildFile; fileRef = 119D32061C11D1A4001124BB /* newchillone.png */; };
		119D320D1C11D1A4001124BB /* newclassics.png in Resources */ = {isa = PBXBuildFile; fileRef = 119D32071C11D1A4001124BB /* newclassics.png */; };
		119D320E1C11D1A4001124BB /* newabsolute.png in Resources */ = {isa = PBXBuildFile; fileRef = 119D32081C11D1A4001124BB /* newabsolute.png */; };
		119D320F1C11D1A4001124BB /* newchocolat.png in Resources */ = {isa = PBXBuildFile; fileRef = 119D32091C11D1A4001124BB /* newchocolat.png */; };
		119D32101C11D1A4001124BB /* newbuddhabar.png in Resources */ = {isa = PBXBuildFile; fileRef = 119D320A1C11D1A4001124BB /* newbuddhabar.png */; };
		119D32121C11D344001124BB /* newviberadio.png in Resources */ = {isa = PBXBuildFile; fileRef = 119D32111C11D344001124BB /* newviberadio.png */; };
		119D32131C11E037001124BB /* EZAudioiOS.framework in Frameworks */ = {isa = PBXBuildFile; fileRef = 112937871C0F3C6600442C2E /* EZAudioiOS.framework */; };
		119D32141C11E037001124BB /* EZAudioiOS.framework in Embed Frameworks */ = {isa = PBXBuildFile; fileRef = 112937871C0F3C6600442C2E /* EZAudioiOS.framework */; settings = {ATTRIBUTES = (CodeSignOnCopy, RemoveHeadersOnCopy, ); }; };
		11BC0A421C03544A0099B907 /* Spectrum.gif in Resources */ = {isa = PBXBuildFile; fileRef = 11BC0A411C03544A0099B907 /* Spectrum.gif */; };
		11CECF9E1C0CAB00000E231C /* pause.png in Resources */ = {isa = PBXBuildFile; fileRef = 11CECF9C1C0CAB00000E231C /* pause.png */; };
		11CECF9F1C0CAB00000E231C /* play.png in Resources */ = {isa = PBXBuildFile; fileRef = 11CECF9D1C0CAB00000E231C /* play.png */; };
/* End PBXBuildFile section */

/* Begin PBXContainerItemProxy section */
		112937861C0F3C6600442C2E /* PBXContainerItemProxy */ = {
			isa = PBXContainerItemProxy;
			containerPortal = 112937811C0F3C6500442C2E /* EZAudio.xcodeproj */;
			proxyType = 2;
			remoteGlobalIDString = 469F4CF31B749F7800666A46;
			remoteInfo = EZAudioiOS;
		};
		112937881C0F3C6600442C2E /* PBXContainerItemProxy */ = {
			isa = PBXContainerItemProxy;
			containerPortal = 112937811C0F3C6500442C2E /* EZAudio.xcodeproj */;
			proxyType = 2;
			remoteGlobalIDString = 8A5A4B9C1BBBDCB200A8A048;
			remoteInfo = EZAudioOSX;
		};
		119D32151C11E037001124BB /* PBXContainerItemProxy */ = {
			isa = PBXContainerItemProxy;
			containerPortal = 112937811C0F3C6500442C2E /* EZAudio.xcodeproj */;
			proxyType = 1;
			remoteGlobalIDString = 469F4CF21B749F7800666A46;
			remoteInfo = EZAudioiOS;
		};
/* End PBXContainerItemProxy section */

/* Begin PBXCopyFilesBuildPhase section */
		119D32171C11E037001124BB /* Embed Frameworks */ = {
			isa = PBXCopyFilesBuildPhase;
			buildActionMask = 2147483647;
			dstPath = "";
			dstSubfolderSpec = 10;
			files = (
				119D32141C11E037001124BB /* EZAudioiOS.framework in Embed Frameworks */,
			);
			name = "Embed Frameworks";
			runOnlyForDeploymentPostprocessing = 0;
		};
/* End PBXCopyFilesBuildPhase section */

/* Begin PBXFileReference section */
		11072C871C0BAA0100B2111F /* stations.plist */ = {isa = PBXFileReference; fileEncoding = 4; lastKnownFileType = text.plist.xml; path = stations.plist; sourceTree = "<group>"; };
		11072C8D1C0BBF1F00B2111F /* CosyLoadingActivity.swift */ = {isa = PBXFileReference; fileEncoding = 4; lastKnownFileType = sourcecode.swift; path = CosyLoadingActivity.swift; sourceTree = "<group>"; };
		111FBE9A1C02548B008DF499 /* RadioPlayer.app */ = {isa = PBXFileReference; explicitFileType = wrapper.application; includeInIndex = 0; path = RadioPlayer.app; sourceTree = BUILT_PRODUCTS_DIR; };
		111FBE9D1C02548B008DF499 /* AppDelegate.swift */ = {isa = PBXFileReference; lastKnownFileType = sourcecode.swift; path = AppDelegate.swift; sourceTree = "<group>"; };
		111FBEA41C02548B008DF499 /* Assets.xcassets */ = {isa = PBXFileReference; lastKnownFileType = folder.assetcatalog; path = Assets.xcassets; sourceTree = "<group>"; };
		111FBEA71C02548B008DF499 /* Base */ = {isa = PBXFileReference; lastKnownFileType = file.storyboard; name = Base; path = Base.lproj/LaunchScreen.storyboard; sourceTree = "<group>"; };
		111FBEA91C02548B008DF499 /* Info.plist */ = {isa = PBXFileReference; lastKnownFileType = text.plist.xml; path = Info.plist; sourceTree = "<group>"; };
		111FBEB11C0255F6008DF499 /* RadioPlayer.swift */ = {isa = PBXFileReference; fileEncoding = 4; lastKnownFileType = sourcecode.swift; path = RadioPlayer.swift; sourceTree = SOURCE_ROOT; };
		111FBEB21C0255F6008DF499 /* ViewController.swift */ = {isa = PBXFileReference; fileEncoding = 4; lastKnownFileType = sourcecode.swift; name = ViewController.swift; path = ../ViewController.swift; sourceTree = "<group>"; };
		111FBEB51C02571A008DF499 /* Main.storyboard */ = {isa = PBXFileReference; fileEncoding = 4; lastKnownFileType = file.storyboard; path = Main.storyboard; sourceTree = "<group>"; };
		111FBEC71C028A74008DF499 /* Radio.png */ = {isa = PBXFileReference; lastKnownFileType = image.png; path = Radio.png; sourceTree = "<group>"; };
		111FBEC91C028EC4008DF499 /* frequency.jpg */ = {isa = PBXFileReference; lastKnownFileType = image.jpeg; path = frequency.jpg; sourceTree = "<group>"; };
		112937811C0F3C6500442C2E /* EZAudio.xcodeproj */ = {isa = PBXFileReference; lastKnownFileType = "wrapper.pb-project"; name = EZAudio.xcodeproj; path = ../../../../../../Downloads/EZAudiomaster/EZAudio.xcodeproj; sourceTree = "<group>"; };
		112AEB911C108C600049C8C6 /* viberadio.png */ = {isa = PBXFileReference; lastKnownFileType = image.png; path = viberadio.png; sourceTree = "<group>"; };
		1148F0211C0D9DD3001FD68D /* RadioPlayer-Bridging-Header.h */ = {isa = PBXFileReference; lastKnownFileType = sourcecode.c.h; path = "RadioPlayer-Bridging-Header.h"; sourceTree = "<group>"; };
		1148F0221C0D9DD4001FD68D /* AppDelegate.h */ = {isa = PBXFileReference; fileEncoding = 4; lastKnownFileType = sourcecode.c.h; path = AppDelegate.h; sourceTree = "<group>"; };
		1148F0231C0D9DD4001FD68D /* AppDelegate.m */ = {isa = PBXFileReference; fileEncoding = 4; lastKnownFileType = sourcecode.c.objc; path = AppDelegate.m; sourceTree = "<group>"; };
		1148F0241C0D9DD4001FD68D /* EZAudioPassThroughExample-Info.plist */ = {isa = PBXFileReference; fileEncoding = 4; lastKnownFileType = text.plist.xml; path = "EZAudioPassThroughExample-Info.plist"; sourceTree = "<group>"; };
		1148F0251C0D9DD4001FD68D /* EZAudioPassThroughExample-Prefix.pch */ = {isa = PBXFileReference; fileEncoding = 4; lastKnownFileType = sourcecode.c.h; path = "EZAudioPassThroughExample-Prefix.pch"; sourceTree = "<group>"; };
		1148F0261C0D9DD4001FD68D /* PassThroughViewController.h */ = {isa = PBXFileReference; fileEncoding = 4; lastKnownFileType = sourcecode.c.h; path = PassThroughViewController.h; sourceTree = "<group>"; };
		1148F0271C0D9DD4001FD68D /* PassThroughViewController.m */ = {isa = PBXFileReference; fileEncoding = 4; lastKnownFileType = sourcecode.c.objc; path = PassThroughViewController.m; sourceTree = "<group>"; };
		1148F02B1C0DB5CC001FD68D /* EZAudioPlot.h */ = {isa = PBXFileReference; fileEncoding = 4; lastKnownFileType = sourcecode.c.h; path = EZAudioPlot.h; sourceTree = "<group>"; };
		1148F02C1C0DB5CC001FD68D /* EZAudioPlot.m */ = {isa = PBXFileReference; fileEncoding = 4; lastKnownFileType = sourcecode.c.objc; path = EZAudioPlot.m; sourceTree = "<group>"; };
		1148F02E1C0DB658001FD68D /* EZPlot.h */ = {isa = PBXFileReference; fileEncoding = 4; lastKnownFileType = sourcecode.c.h; path = EZPlot.h; sourceTree = "<group>"; };
		1148F02F1C0DB658001FD68D /* EZPlot.m */ = {isa = PBXFileReference; fileEncoding = 4; lastKnownFileType = sourcecode.c.objc; path = EZPlot.m; sourceTree = "<group>"; };
		1148F0311C0DB69A001FD68D /* EZAudioUtilities.h */ = {isa = PBXFileReference; lastKnownFileType = sourcecode.c.h; path = EZAudioUtilities.h; sourceTree = "<group>"; };
		1148F0321C0DB6F3001FD68D /* TPCircularBuffer.h */ = {isa = PBXFileReference; lastKnownFileType = sourcecode.c.h; path = TPCircularBuffer.h; sourceTree = "<group>"; };
		1148F0331C0DB71A001FD68D /* EZAudioDisplayLink.h */ = {isa = PBXFileReference; lastKnownFileType = sourcecode.c.h; path = EZAudioDisplayLink.h; sourceTree = "<group>"; };
		1148F0341C0DB73B001FD68D /* EZAudio.h */ = {isa = PBXFileReference; lastKnownFileType = sourcecode.c.h; path = EZAudio.h; sourceTree = "<group>"; };
		1148F0351C0DB74D001FD68D /* EZAudioDevice.h */ = {isa = PBXFileReference; lastKnownFileType = sourcecode.c.h; path = EZAudioDevice.h; sourceTree = "<group>"; };
		1148F0361C0DB762001FD68D /* EZAudioFile.h */ = {isa = PBXFileReference; lastKnownFileType = sourcecode.c.h; path = EZAudioFile.h; sourceTree = "<group>"; };
		1148F0371C0DB77B001FD68D /* EZAudioFloatData.h */ = {isa = PBXFileReference; lastKnownFileType = sourcecode.c.h; path = EZAudioFloatData.h; sourceTree = "<group>"; };
		1148F0381C0DB79F001FD68D /* EZMicrophone.h */ = {isa = PBXFileReference; lastKnownFileType = sourcecode.c.h; path = EZMicrophone.h; sourceTree = "<group>"; };
		1148F0391C0DB7B8001FD68D /* EZOutput.h */ = {isa = PBXFileReference; lastKnownFileType = sourcecode.c.h; path = EZOutput.h; sourceTree = "<group>"; };
		1148F03A1C0DB7D0001FD68D /* EZRecorder.h */ = {isa = PBXFileReference; lastKnownFileType = sourcecode.c.h; path = EZRecorder.h; sourceTree = "<group>"; };
		1148F03B1C0DB7E8001FD68D /* EZAudioPlayer.h */ = {isa = PBXFileReference; lastKnownFileType = sourcecode.c.h; path = EZAudioPlayer.h; sourceTree = "<group>"; };
		1148F03C1C0DB7FF001FD68D /* EZAudioPlotGL.h */ = {isa = PBXFileReference; lastKnownFileType = sourcecode.c.h; path = EZAudioPlotGL.h; sourceTree = "<group>"; };
		1148F03D1C0DB82E001FD68D /* EZAudioFFT.h */ = {isa = PBXFileReference; lastKnownFileType = sourcecode.c.h; path = EZAudioFFT.h; sourceTree = "<group>"; };
		1148F03E1C0DB83E001FD68D /* EZAudioFloatConverter.h */ = {isa = PBXFileReference; lastKnownFileType = sourcecode.c.h; path = EZAudioFloatConverter.h; sourceTree = "<group>"; };
		119D31FF1C11CB5A001124BB /* speaker.jpg */ = {isa = PBXFileReference; lastKnownFileType = image.jpeg; path = speaker.jpg; sourceTree = "<group>"; };
		119D32031C11D022001124BB /* newvibe.png */ = {isa = PBXFileReference; lastKnownFileType = image.png; path = newvibe.png; sourceTree = "<group>"; };
		119D32051C11D1A4001124BB /* new100chill.png */ = {isa = PBXFileReference; lastKnownFileType = image.png; path = new100chill.png; sourceTree = "<group>"; };
		119D32061C11D1A4001124BB /* newchillone.png */ = {isa = PBXFileReference; lastKnownFileType = image.png; path = newchillone.png; sourceTree = "<group>"; };
		119D32071C11D1A4001124BB /* newclassics.png */ = {isa = PBXFileReference; lastKnownFileType = image.png; path = newclassics.png; sourceTree = "<group>"; };
		119D32081C11D1A4001124BB /* newabsolute.png */ = {isa = PBXFileReference; lastKnownFileType = image.png; path = newabsolute.png; sourceTree = "<group>"; };
		119D32091C11D1A4001124BB /* newchocolat.png */ = {isa = PBXFileReference; lastKnownFileType = image.png; path = newchocolat.png; sourceTree = "<group>"; };
		119D320A1C11D1A4001124BB /* newbuddhabar.png */ = {isa = PBXFileReference; lastKnownFileType = image.png; path = newbuddhabar.png; sourceTree = "<group>"; };
		119D32111C11D344001124BB /* newviberadio.png */ = {isa = PBXFileReference; lastKnownFileType = image.png; path = newviberadio.png; sourceTree = "<group>"; };
		11BC0A411C03544A0099B907 /* Spectrum.gif */ = {isa = PBXFileReference; lastKnownFileType = image.gif; path = Spectrum.gif; sourceTree = "<group>"; };
		11CECF9C1C0CAB00000E231C /* pause.png */ = {isa = PBXFileReference; lastKnownFileType = image.png; path = pause.png; sourceTree = "<group>"; };
		11CECF9D1C0CAB00000E231C /* play.png */ = {isa = PBXFileReference; lastKnownFileType = image.png; path = play.png; sourceTree = "<group>"; };
/* End PBXFileReference section */

/* Begin PBXFrameworksBuildPhase section */
		111FBE971C02548B008DF499 /* Frameworks */ = {
			isa = PBXFrameworksBuildPhase;
			buildActionMask = 2147483647;
			files = (
				119D32131C11E037001124BB /* EZAudioiOS.framework in Frameworks */,
				1129378A1C0F3CA400442C2E /* EZAudioiOS.framework in Frameworks */,
			);
			runOnlyForDeploymentPostprocessing = 0;
		};
/* End PBXFrameworksBuildPhase section */

/* Begin PBXGroup section */
		111FBE911C02548B008DF499 = {
			isa = PBXGroup;
			children = (
				112937811C0F3C6500442C2E /* EZAudio.xcodeproj */,
				111FBE9C1C02548B008DF499 /* RadioPlayer */,
				111FBE9B1C02548B008DF499 /* Products */,
			);
			sourceTree = "<group>";
		};
		111FBE9B1C02548B008DF499 /* Products */ = {
			isa = PBXGroup;
			children = (
				111FBE9A1C02548B008DF499 /* RadioPlayer.app */,
			);
			name = Products;
			sourceTree = "<group>";
		};
		111FBE9C1C02548B008DF499 /* RadioPlayer */ = {
			isa = PBXGroup;
			children = (
				1148F0361C0DB762001FD68D /* EZAudioFile.h */,
				1148F0371C0DB77B001FD68D /* EZAudioFloatData.h */,
				1148F0311C0DB69A001FD68D /* EZAudioUtilities.h */,
				1148F03B1C0DB7E8001FD68D /* EZAudioPlayer.h */,
				1148F03A1C0DB7D0001FD68D /* EZRecorder.h */,
				1148F03E1C0DB83E001FD68D /* EZAudioFloatConverter.h */,
				1148F03D1C0DB82E001FD68D /* EZAudioFFT.h */,
				1148F0391C0DB7B8001FD68D /* EZOutput.h */,
				1148F03C1C0DB7FF001FD68D /* EZAudioPlotGL.h */,
				1148F0381C0DB79F001FD68D /* EZMicrophone.h */,
				1148F0351C0DB74D001FD68D /* EZAudioDevice.h */,
				1148F0341C0DB73B001FD68D /* EZAudio.h */,
				1148F0331C0DB71A001FD68D /* EZAudioDisplayLink.h */,
				1148F0321C0DB6F3001FD68D /* TPCircularBuffer.h */,
				1148F02E1C0DB658001FD68D /* EZPlot.h */,
				1148F02F1C0DB658001FD68D /* EZPlot.m */,
				1148F02B1C0DB5CC001FD68D /* EZAudioPlot.h */,
				1148F02C1C0DB5CC001FD68D /* EZAudioPlot.m */,
				1148F0221C0D9DD4001FD68D /* AppDelegate.h */,
				1148F0231C0D9DD4001FD68D /* AppDelegate.m */,
				1148F0241C0D9DD4001FD68D /* EZAudioPassThroughExample-Info.plist */,
				1148F0251C0D9DD4001FD68D /* EZAudioPassThroughExample-Prefix.pch */,
				1148F0261C0D9DD4001FD68D /* PassThroughViewController.h */,
				1148F0271C0D9DD4001FD68D /* PassThroughViewController.m */,
				11072C871C0BAA0100B2111F /* stations.plist */,
				111FBEA91C02548B008DF499 /* Info.plist */,
				11CECF9C1C0CAB00000E231C /* pause.png */,
				11CECF9D1C0CAB00000E231C /* play.png */,
				119D32031C11D022001124BB /* newvibe.png */,
				119D31FF1C11CB5A001124BB /* speaker.jpg */,
				119D32051C11D1A4001124BB /* new100chill.png */,
				119D32061C11D1A4001124BB /* newchillone.png */,
				119D32071C11D1A4001124BB /* newclassics.png */,
				119D32081C11D1A4001124BB /* newabsolute.png */,
				119D32111C11D344001124BB /* newviberadio.png */,
				119D32091C11D1A4001124BB /* newchocolat.png */,
				119D320A1C11D1A4001124BB /* newbuddhabar.png */,
				112AEB911C108C600049C8C6 /* viberadio.png */,
				11BC0A411C03544A0099B907 /* Spectrum.gif */,
				111FBEC71C028A74008DF499 /* Radio.png */,
				111FBEC91C028EC4008DF499 /* frequency.jpg */,
				11072C8D1C0BBF1F00B2111F /* CosyLoadingActivity.swift */,
				111FBEB11C0255F6008DF499 /* RadioPlayer.swift */,
				111FBEB21C0255F6008DF499 /* ViewController.swift */,
				111FBE9D1C02548B008DF499 /* AppDelegate.swift */,
				111FBEB51C02571A008DF499 /* Main.storyboard */,
				111FBEA41C02548B008DF499 /* Assets.xcassets */,
				111FBEA61C02548B008DF499 /* LaunchScreen.storyboard */,
				1148F0211C0D9DD3001FD68D /* RadioPlayer-Bridging-Header.h */,
			);
			path = RadioPlayer;
			sourceTree = "<group>";
		};
		112937821C0F3C6500442C2E /* Products */ = {
			isa = PBXGroup;
			children = (
				112937871C0F3C6600442C2E /* EZAudioiOS.framework */,
				112937891C0F3C6600442C2E /* EZAudioOSX.framework */,
			);
			name = Products;
			sourceTree = "<group>";
		};
/* End PBXGroup section */

/* Begin PBXNativeTarget section */
		111FBE991C02548B008DF499 /* RadioPlayer */ = {
			isa = PBXNativeTarget;
			buildConfigurationList = 111FBEAC1C02548B008DF499 /* Build configuration list for PBXNativeTarget "RadioPlayer" */;
			buildPhases = (
				111FBE961C02548B008DF499 /* Sources */,
				111FBE971C02548B008DF499 /* Frameworks */,
				111FBE981C02548B008DF499 /* Resources */,
				119D32171C11E037001124BB /* Embed Frameworks */,
			);
			buildRules = (
			);
			dependencies = (
				119D32161C11E037001124BB /* PBXTargetDependency */,
			);
			name = RadioPlayer;
			productName = RadioPlayer;
			productReference = 111FBE9A1C02548B008DF499 /* RadioPlayer.app */;
			productType = "com.apple.product-type.application";
		};
/* End PBXNativeTarget section */

/* Begin PBXProject section */
		111FBE921C02548B008DF499 /* Project object */ = {
			isa = PBXProject;
			attributes = {
				LastSwiftUpdateCheck = 0710;
				LastUpgradeCheck = 0710;
				ORGANIZATIONNAME = Shapes;
				TargetAttributes = {
					111FBE991C02548B008DF499 = {
						CreatedOnToolsVersion = 7.1.1;
						DevelopmentTeam = CA95CW9B9P;
					};
				};
			};
			buildConfigurationList = 111FBE951C02548B008DF499 /* Build configuration list for PBXProject "RadioPlayer" */;
			compatibilityVersion = "Xcode 3.2";
			developmentRegion = English;
			hasScannedForEncodings = 0;
			knownRegions = (
				en,
				Base,
			);
			mainGroup = 111FBE911C02548B008DF499;
			productRefGroup = 111FBE9B1C02548B008DF499 /* Products */;
			projectDirPath = "";
			projectReferences = (
				{
					ProductGroup = 112937821C0F3C6500442C2E /* Products */;
					ProjectRef = 112937811C0F3C6500442C2E /* EZAudio.xcodeproj */;
				},
			);
			projectRoot = "";
			targets = (
				111FBE991C02548B008DF499 /* RadioPlayer */,
			);
		};
/* End PBXProject section */

/* Begin PBXReferenceProxy section */
		112937871C0F3C6600442C2E /* EZAudioiOS.framework */ = {
			isa = PBXReferenceProxy;
			fileType = wrapper.framework;
			path = EZAudioiOS.framework;
			remoteRef = 112937861C0F3C6600442C2E /* PBXContainerItemProxy */;
			sourceTree = BUILT_PRODUCTS_DIR;
		};
		112937891C0F3C6600442C2E /* EZAudioOSX.framework */ = {
			isa = PBXReferenceProxy;
			fileType = wrapper.framework;
			path = EZAudioOSX.framework;
			remoteRef = 112937881C0F3C6600442C2E /* PBXContainerItemProxy */;
			sourceTree = BUILT_PRODUCTS_DIR;
		};
/* End PBXReferenceProxy section */

/* Begin PBXResourcesBuildPhase section */
		111FBE981C02548B008DF499 /* Resources */ = {
			isa = PBXResourcesBuildPhase;
			buildActionMask = 2147483647;
			files = (
				11CECF9F1C0CAB00000E231C /* play.png in Resources */,
				119D320D1C11D1A4001124BB /* newclassics.png in Resources */,
				11CECF9E1C0CAB00000E231C /* pause.png in Resources */,
				119D320C1C11D1A4001124BB /* newchillone.png in Resources */,
				111FBEC81C028A74008DF499 /* Radio.png in Resources */,
				119D320E1C11D1A4001124BB /* newabsolute.png in Resources */,
				119D32121C11D344001124BB /* newviberadio.png in Resources */,
				119D320B1C11D1A4001124BB /* new100chill.png in Resources */,
				119D32041C11D023001124BB /* newvibe.png in Resources */,
				111FBEB61C02571A008DF499 /* Main.storyboard in Resources */,
				1148F0291C0D9DD4001FD68D /* EZAudioPassThroughExample-Info.plist in Resources */,
				111FBEA81C02548B008DF499 /* LaunchScreen.storyboard in Resources */,
				111FBECA1C028EC4008DF499 /* frequency.jpg in Resources */,
				119D32101C11D1A4001124BB /* newbuddhabar.png in Resources */,
				119D32001C11CB5A001124BB /* speaker.jpg in Resources */,
				111FBEA51C02548B008DF499 /* Assets.xcassets in Resources */,
				11072C881C0BAA0100B2111F /* stations.plist in Resources */,
				11BC0A421C03544A0099B907 /* Spectrum.gif in Resources */,
				112AEB921C108C600049C8C6 /* viberadio.png in Resources */,
				119D320F1C11D1A4001124BB /* newchocolat.png in Resources */,
			);
			runOnlyForDeploymentPostprocessing = 0;
		};
/* End PBXResourcesBuildPhase section */

/* Begin PBXSourcesBuildPhase section */
		111FBE961C02548B008DF499 /* Sources */ = {
			isa = PBXSourcesBuildPhase;
			buildActionMask = 2147483647;
			files = (
				111FBEB41C0255F6008DF499 /* ViewController.swift in Sources */,
				1148F0301C0DB658001FD68D /* EZPlot.m in Sources */,
				11072C8E1C0BBF1F00B2111F /* CosyLoadingActivity.swift in Sources */,
				111FBEB31C0255F6008DF499 /* RadioPlayer.swift in Sources */,
				1148F02D1C0DB5CC001FD68D /* EZAudioPlot.m in Sources */,
				111FBE9E1C02548B008DF499 /* AppDelegate.swift in Sources */,
				1148F0281C0D9DD4001FD68D /* AppDelegate.m in Sources */,
				1148F02A1C0D9DD4001FD68D /* PassThroughViewController.m in Sources */,
			);
			runOnlyForDeploymentPostprocessing = 0;
		};
/* End PBXSourcesBuildPhase section */

/* Begin PBXTargetDependency section */
		119D32161C11E037001124BB /* PBXTargetDependency */ = {
			isa = PBXTargetDependency;
			name = EZAudioiOS;
			targetProxy = 119D32151C11E037001124BB /* PBXContainerItemProxy */;
		};
/* End PBXTargetDependency section */

/* Begin PBXVariantGroup section */
		111FBEA61C02548B008DF499 /* LaunchScreen.storyboard */ = {
			isa = PBXVariantGroup;
			children = (
				111FBEA71C02548B008DF499 /* Base */,
			);
			name = LaunchScreen.storyboard;
			sourceTree = "<group>";
		};
/* End PBXVariantGroup section */

/* Begin XCBuildConfiguration section */
		111FBEAA1C02548B008DF499 /* Debug */ = {
			isa = XCBuildConfiguration;
			buildSettings = {
				ALWAYS_SEARCH_USER_PATHS = NO;
				CLANG_CXX_LANGUAGE_STANDARD = "gnu++0x";
				CLANG_CXX_LIBRARY = "libc++";
				CLANG_ENABLE_MODULES = YES;
				CLANG_ENABLE_OBJC_ARC = YES;
				CLANG_WARN_BOOL_CONVERSION = YES;
				CLANG_WARN_CONSTANT_CONVERSION = YES;
				CLANG_WARN_DIRECT_OBJC_ISA_USAGE = YES_ERROR;
				CLANG_WARN_EMPTY_BODY = YES;
				CLANG_WARN_ENUM_CONVERSION = YES;
				CLANG_WARN_INT_CONVERSION = YES;
				CLANG_WARN_OBJC_ROOT_CLASS = YES_ERROR;
				CLANG_WARN_UNREACHABLE_CODE = YES;
				CLANG_WARN__DUPLICATE_METHOD_MATCH = YES;
				"CODE_SIGN_IDENTITY[sdk=iphoneos*]" = "iPhone Developer";
				COPY_PHASE_STRIP = NO;
				DEBUG_INFORMATION_FORMAT = dwarf;
				ENABLE_STRICT_OBJC_MSGSEND = YES;
				ENABLE_TESTABILITY = YES;
				GCC_C_LANGUAGE_STANDARD = gnu99;
				GCC_DYNAMIC_NO_PIC = NO;
				GCC_NO_COMMON_BLOCKS = YES;
				GCC_OPTIMIZATION_LEVEL = 0;
				GCC_PREPROCESSOR_DEFINITIONS = (
					"DEBUG=1",
					"$(inherited)",
				);
				GCC_WARN_64_TO_32_BIT_CONVERSION = YES;
				GCC_WARN_ABOUT_RETURN_TYPE = YES_ERROR;
				GCC_WARN_UNDECLARED_SELECTOR = YES;
				GCC_WARN_UNINITIALIZED_AUTOS = YES_AGGRESSIVE;
				GCC_WARN_UNUSED_FUNCTION = YES;
				GCC_WARN_UNUSED_VARIABLE = YES;
				IPHONEOS_DEPLOYMENT_TARGET = 9.1;
				MTL_ENABLE_DEBUG_INFO = YES;
				ONLY_ACTIVE_ARCH = YES;
				SDKROOT = iphoneos;
				SWIFT_OPTIMIZATION_LEVEL = "-Onone";
				TARGETED_DEVICE_FAMILY = "1,2";
			};
			name = Debug;
		};
		111FBEAB1C02548B008DF499 /* Release */ = {
			isa = XCBuildConfiguration;
			buildSettings = {
				ALWAYS_SEARCH_USER_PATHS = NO;
				CLANG_CXX_LANGUAGE_STANDARD = "gnu++0x";
				CLANG_CXX_LIBRARY = "libc++";
				CLANG_ENABLE_MODULES = YES;
				CLANG_ENABLE_OBJC_ARC = YES;
				CLANG_WARN_BOOL_CONVERSION = YES;
				CLANG_WARN_CONSTANT_CONVERSION = YES;
				CLANG_WARN_DIRECT_OBJC_ISA_USAGE = YES_ERROR;
				CLANG_WARN_EMPTY_BODY = YES;
				CLANG_WARN_ENUM_CONVERSION = YES;
				CLANG_WARN_INT_CONVERSION = YES;
				CLANG_WARN_OBJC_ROOT_CLASS = YES_ERROR;
				CLANG_WARN_UNREACHABLE_CODE = YES;
				CLANG_WARN__DUPLICATE_METHOD_MATCH = YES;
				"CODE_SIGN_IDENTITY[sdk=iphoneos*]" = "iPhone Developer";
				COPY_PHASE_STRIP = NO;
				DEBUG_INFORMATION_FORMAT = "dwarf-with-dsym";
				ENABLE_NS_ASSERTIONS = NO;
				ENABLE_STRICT_OBJC_MSGSEND = YES;
				GCC_C_LANGUAGE_STANDARD = gnu99;
				GCC_NO_COMMON_BLOCKS = YES;
				GCC_WARN_64_TO_32_BIT_CONVERSION = YES;
				GCC_WARN_ABOUT_RETURN_TYPE = YES_ERROR;
				GCC_WARN_UNDECLARED_SELECTOR = YES;
				GCC_WARN_UNINITIALIZED_AUTOS = YES_AGGRESSIVE;
				GCC_WARN_UNUSED_FUNCTION = YES;
				GCC_WARN_UNUSED_VARIABLE = YES;
				IPHONEOS_DEPLOYMENT_TARGET = 9.1;
				MTL_ENABLE_DEBUG_INFO = NO;
				SDKROOT = iphoneos;
				TARGETED_DEVICE_FAMILY = "1,2";
				VALIDATE_PRODUCT = YES;
			};
			name = Release;
		};
		111FBEAD1C02548B008DF499 /* Debug */ = {
			isa = XCBuildConfiguration;
			buildSettings = {
				ASSETCATALOG_COMPILER_APPICON_NAME = AppIcon;
				CLANG_ENABLE_MODULES = YES;
				INFOPLIST_FILE = RadioPlayer/Info.plist;
				LD_RUNPATH_SEARCH_PATHS = "$(inherited) @executable_path/Frameworks";
				PRODUCT_BUNDLE_IDENTIFIER = wit.ie.RadioPlayer;
				PRODUCT_NAME = "$(TARGET_NAME)";
				SWIFT_OBJC_BRIDGING_HEADER = "RadioPlayer/RadioPlayer-Bridging-Header.h";
				SWIFT_OPTIMIZATION_LEVEL = "-Onone";
			};
			name = Debug;
		};
		111FBEAE1C02548B008DF499 /* Release */ = {
			isa = XCBuildConfiguration;
			buildSettings = {
				ASSETCATALOG_COMPILER_APPICON_NAME = AppIcon;
				CLANG_ENABLE_MODULES = YES;
				INFOPLIST_FILE = RadioPlayer/Info.plist;
				LD_RUNPATH_SEARCH_PATHS = "$(inherited) @executable_path/Frameworks";
				PRODUCT_BUNDLE_IDENTIFIER = wit.ie.RadioPlayer;
				PRODUCT_NAME = "$(TARGET_NAME)";
				SWIFT_OBJC_BRIDGING_HEADER = "RadioPlayer/RadioPlayer-Bridging-Header.h";
			};
			name = Release;
		};
/* End XCBuildConfiguration section */

/* Begin XCConfigurationList section */
		111FBE951C02548B008DF499 /* Build configuration list for PBXProject "RadioPlayer" */ = {
			isa = XCConfigurationList;
			buildConfigurations = (
				111FBEAA1C02548B008DF499 /* Debug */,
				111FBEAB1C02548B008DF499 /* Release */,
			);
			defaultConfigurationIsVisible = 0;
			defaultConfigurationName = Release;
		};
		111FBEAC1C02548B008DF499 /* Build configuration list for PBXNativeTarget "RadioPlayer" */ = {
			isa = XCConfigurationList;
			buildConfigurations = (
				111FBEAD1C02548B008DF499 /* Debug */,
				111FBEAE1C02548B008DF499 /* Release */,
			);
			defaultConfigurationIsVisible = 0;
			defaultConfigurationName = Release;
		};
/* End XCConfigurationList section */
	};
	rootObject = 111FBE921C02548B008DF499 /* Project object */;
}
